{
  "version": 4,
  "terraform_version": "0.12.7",
  "serial": 32,
  "lineage": "853225b9-8404-bba3-a66e-92c291ff12a8",
  "outputs": {},
  "resources": [
    {
      "module": "module.hub-vnet",
      "mode": "managed",
      "type": "azurerm_firewall",
      "name": "az_fw",
      "provider": "provider.azurerm",
      "instances": [
        {
          "schema_version": 0,
          "attributes": {
            "id": "/subscriptions/71202aac-b2d7-4041-9a7d-fb0bdeff853b/resourceGroups/vnet-arch-rg/providers/Microsoft.Network/azureFirewalls/az-firewall",
            "ip_configuration": [
              {
                "name": "configuration",
                "private_ip_address": "10.1.14.4",
                "public_ip_address_id": "/subscriptions/71202aac-b2d7-4041-9a7d-fb0bdeff853b/resourceGroups/vnet-arch-rg/providers/Microsoft.Network/publicIPAddresses/fw-ip",
                "subnet_id": "/subscriptions/71202aac-b2d7-4041-9a7d-fb0bdeff853b/resourceGroups/vnet-arch-rg/providers/Microsoft.Network/virtualNetworks/hub-vnet/subnets/AzureFirewallSubnet"
              }
            ],
            "location": "westus",
            "name": "az-firewall",
            "resource_group_name": "vnet-arch-rg",
            "tags": {},
            "timeouts": null,
            "zones": []
          },
          "private": "eyJlMmJmYjczMC1lY2FhLTExZTYtOGY4OC0zNDM2M2JjN2M0YzAiOnsiY3JlYXRlIjo1NDAwMDAwMDAwMDAwLCJkZWxldGUiOjU0MDAwMDAwMDAwMDAsInJlYWQiOjMwMDAwMDAwMDAwMCwidXBkYXRlIjo1NDAwMDAwMDAwMDAwfX0=",
          "depends_on": [
            "azurerm_public_ip.public_ip_fw",
            "azurerm_subnet.fw_subnet"
          ]
        }
      ]
    },
    {
      "module": "module.hub-vnet",
      "mode": "managed",
      "type": "azurerm_public_ip",
      "name": "public_ip_fw",
      "provider": "provider.azurerm",
      "instances": [
        {
          "schema_version": 0,
          "attributes": {
            "allocation_method": "Static",
            "domain_name_label": null,
            "fqdn": null,
            "id": "/subscriptions/71202aac-b2d7-4041-9a7d-fb0bdeff853b/resourceGroups/vnet-arch-rg/providers/Microsoft.Network/publicIPAddresses/fw-ip",
            "idle_timeout_in_minutes": 4,
            "ip_address": "13.88.134.199",
            "ip_version": "IPv4",
            "location": "westus",
            "name": "fw-ip",
            "public_ip_prefix_id": null,
            "resource_group_name": "vnet-arch-rg",
            "reverse_fqdn": null,
            "sku": "Standard",
            "tags": {},
            "timeouts": null,
            "zones": []
          },
          "private": "eyJlMmJmYjczMC1lY2FhLTExZTYtOGY4OC0zNDM2M2JjN2M0YzAiOnsiY3JlYXRlIjoxODAwMDAwMDAwMDAwLCJkZWxldGUiOjE4MDAwMDAwMDAwMDAsInJlYWQiOjMwMDAwMDAwMDAwMCwidXBkYXRlIjoxODAwMDAwMDAwMDAwfX0="
        }
      ]
    },
    {
      "module": "module.hub-vnet",
      "mode": "managed",
      "type": "azurerm_public_ip",
      "name": "public_ip_gw",
      "provider": "provider.azurerm",
      "instances": [
        {
          "schema_version": 0,
          "attributes": {
            "allocation_method": "Dynamic",
            "domain_name_label": null,
            "fqdn": null,
            "id": "/subscriptions/71202aac-b2d7-4041-9a7d-fb0bdeff853b/resourceGroups/vnet-arch-rg/providers/Microsoft.Network/publicIPAddresses/gateway-ip",
            "idle_timeout_in_minutes": 4,
            "ip_address": "",
            "ip_version": "IPv4",
            "location": "westus",
            "name": "gateway-ip",
            "public_ip_prefix_id": null,
            "resource_group_name": "vnet-arch-rg",
            "reverse_fqdn": null,
            "sku": "Basic",
            "tags": {},
            "timeouts": null,
            "zones": []
          },
          "private": "eyJlMmJmYjczMC1lY2FhLTExZTYtOGY4OC0zNDM2M2JjN2M0YzAiOnsiY3JlYXRlIjoxODAwMDAwMDAwMDAwLCJkZWxldGUiOjE4MDAwMDAwMDAwMDAsInJlYWQiOjMwMDAwMDAwMDAwMCwidXBkYXRlIjoxODAwMDAwMDAwMDAwfX0="
        }
      ]
    },
    {
      "module": "module.network-rg",
      "mode": "managed",
      "type": "azurerm_resource_group",
      "name": "network_rg",
      "provider": "provider.azurerm",
      "instances": [
        {
          "schema_version": 0,
          "attributes": {
            "id": "/subscriptions/71202aac-b2d7-4041-9a7d-fb0bdeff853b/resourceGroups/vnet-arch-rg",
            "location": "westus",
            "name": "vnet-arch-rg",
            "tags": {},
            "timeouts": null
          },
          "private": "eyJlMmJmYjczMC1lY2FhLTExZTYtOGY4OC0zNDM2M2JjN2M0YzAiOnsiY3JlYXRlIjo1NDAwMDAwMDAwMDAwLCJkZWxldGUiOjU0MDAwMDAwMDAwMDAsInJlYWQiOjMwMDAwMDAwMDAwMCwidXBkYXRlIjo1NDAwMDAwMDAwMDAwfX0="
        }
      ]
    },
    {
      "module": "module.hub-vnet",
      "mode": "managed",
      "type": "azurerm_subnet",
      "name": "fw_subnet",
      "provider": "provider.azurerm",
      "instances": [
        {
          "schema_version": 0,
          "attributes": {
            "address_prefix": "10.1.14.0/26",
            "delegation": [],
            "enforce_private_link_endpoint_network_policies": false,
            "enforce_private_link_service_network_policies": false,
            "id": "/subscriptions/71202aac-b2d7-4041-9a7d-fb0bdeff853b/resourceGroups/vnet-arch-rg/providers/Microsoft.Network/virtualNetworks/hub-vnet/subnets/AzureFirewallSubnet",
            "name": "AzureFirewallSubnet",
            "resource_group_name": "vnet-arch-rg",
            "service_endpoints": [],
            "timeouts": null,
            "virtual_network_name": "hub-vnet"
          },
          "private": "eyJlMmJmYjczMC1lY2FhLTExZTYtOGY4OC0zNDM2M2JjN2M0YzAiOnsiY3JlYXRlIjoxODAwMDAwMDAwMDAwLCJkZWxldGUiOjE4MDAwMDAwMDAwMDAsInJlYWQiOjMwMDAwMDAwMDAwMCwidXBkYXRlIjoxODAwMDAwMDAwMDAwfX0="
        }
      ]
    },
    {
      "module": "module.hub-vnet",
      "mode": "managed",
      "type": "azurerm_subnet",
      "name": "gw_subnet",
      "provider": "provider.azurerm",
      "instances": [
        {
          "schema_version": 0,
          "attributes": {
            "address_prefix": "10.1.12.0/23",
            "delegation": [],
            "enforce_private_link_endpoint_network_policies": false,
            "enforce_private_link_service_network_policies": false,
            "id": "/subscriptions/71202aac-b2d7-4041-9a7d-fb0bdeff853b/resourceGroups/vnet-arch-rg/providers/Microsoft.Network/virtualNetworks/hub-vnet/subnets/GatewaySubnet",
            "name": "GatewaySubnet",
            "resource_group_name": "vnet-arch-rg",
            "service_endpoints": [],
            "timeouts": null,
            "virtual_network_name": "hub-vnet"
          },
          "private": "eyJlMmJmYjczMC1lY2FhLTExZTYtOGY4OC0zNDM2M2JjN2M0YzAiOnsiY3JlYXRlIjoxODAwMDAwMDAwMDAwLCJkZWxldGUiOjE4MDAwMDAwMDAwMDAsInJlYWQiOjMwMDAwMDAwMDAwMCwidXBkYXRlIjoxODAwMDAwMDAwMDAwfX0="
        }
      ]
    },
    {
      "module": "module.database-vnet",
      "mode": "managed",
      "type": "azurerm_subnet",
      "name": "lb_data_subnet",
      "provider": "provider.azurerm",
      "instances": [
        {
          "schema_version": 0,
          "attributes": {
            "address_prefix": "10.0.0.0/20",
            "delegation": [],
            "enforce_private_link_endpoint_network_policies": false,
            "enforce_private_link_service_network_policies": false,
            "id": "/subscriptions/71202aac-b2d7-4041-9a7d-fb0bdeff853b/resourceGroups/vnet-arch-rg/providers/Microsoft.Network/virtualNetworks/db-vnet/subnets/lb-db-subnet",
            "name": "lb-db-subnet",
            "resource_group_name": "vnet-arch-rg",
            "service_endpoints": [],
            "timeouts": null,
            "virtual_network_name": "db-vnet"
          },
          "private": "eyJlMmJmYjczMC1lY2FhLTExZTYtOGY4OC0zNDM2M2JjN2M0YzAiOnsiY3JlYXRlIjoxODAwMDAwMDAwMDAwLCJkZWxldGUiOjE4MDAwMDAwMDAwMDAsInJlYWQiOjMwMDAwMDAwMDAwMCwidXBkYXRlIjoxODAwMDAwMDAwMDAwfX0="
        }
      ]
    },
    {
      "module": "module.web-vnet",
      "mode": "managed",
      "type": "azurerm_subnet",
      "name": "lb_web_subnet",
      "provider": "provider.azurerm",
      "instances": [
        {
          "schema_version": 0,
          "attributes": {
            "address_prefix": "10.10.0.0/21",
            "delegation": [],
            "enforce_private_link_endpoint_network_policies": false,
            "enforce_private_link_service_network_policies": false,
            "id": "/subscriptions/71202aac-b2d7-4041-9a7d-fb0bdeff853b/resourceGroups/vnet-arch-rg/providers/Microsoft.Network/virtualNetworks/web-vnet/subnets/lb_web_subnet",
            "name": "lb_web_subnet",
            "resource_group_name": "vnet-arch-rg",
            "service_endpoints": [],
            "timeouts": null,
            "virtual_network_name": "web-vnet"
          },
          "private": "eyJlMmJmYjczMC1lY2FhLTExZTYtOGY4OC0zNDM2M2JjN2M0YzAiOnsiY3JlYXRlIjoxODAwMDAwMDAwMDAwLCJkZWxldGUiOjE4MDAwMDAwMDAwMDAsInJlYWQiOjMwMDAwMDAwMDAwMCwidXBkYXRlIjoxODAwMDAwMDAwMDAwfX0="
        }
      ]
    },
    {
      "module": "module.hub-vnet",
      "mode": "managed",
      "type": "azurerm_subnet",
      "name": "mgmt_subnet",
      "provider": "provider.azurerm",
      "instances": [
        {
          "schema_version": 0,
          "attributes": {
            "address_prefix": "10.1.0.0/21",
            "delegation": [
              {
                "name": "sql delegation",
                "service_delegation": [
                  {
                    "actions": [
                      "Microsoft.Network/virtualNetworks/subnets/join/action",
                      "Microsoft.Network/virtualNetworks/subnets/prepareNetworkPolicies/action",
                      "Microsoft.Network/virtualNetworks/subnets/unprepareNetworkPolicies/action"
                    ],
                    "name": "Microsoft.Sql/managedInstances"
                  }
                ]
              }
            ],
            "enforce_private_link_endpoint_network_policies": false,
            "enforce_private_link_service_network_policies": false,
            "id": "/subscriptions/71202aac-b2d7-4041-9a7d-fb0bdeff853b/resourceGroups/vnet-arch-rg/providers/Microsoft.Network/virtualNetworks/hub-vnet/subnets/mgmt-subnet",
            "name": "mgmt-subnet",
            "resource_group_name": "vnet-arch-rg",
            "service_endpoints": [],
            "timeouts": null,
            "virtual_network_name": "hub-vnet"
          },
          "private": "eyJlMmJmYjczMC1lY2FhLTExZTYtOGY4OC0zNDM2M2JjN2M0YzAiOnsiY3JlYXRlIjoxODAwMDAwMDAwMDAwLCJkZWxldGUiOjE4MDAwMDAwMDAwMDAsInJlYWQiOjMwMDAwMDAwMDAwMCwidXBkYXRlIjoxODAwMDAwMDAwMDAwfX0="
        }
      ]
    },
    {
      "module": "module.database-vnet",
      "mode": "managed",
      "type": "azurerm_subnet",
      "name": "sql_subnet",
      "provider": "provider.azurerm",
      "instances": [
        {
          "schema_version": 0,
          "attributes": {
            "address_prefix": "10.0.16.0/21",
            "delegation": [],
            "enforce_private_link_endpoint_network_policies": false,
            "enforce_private_link_service_network_policies": false,
            "id": "/subscriptions/71202aac-b2d7-4041-9a7d-fb0bdeff853b/resourceGroups/vnet-arch-rg/providers/Microsoft.Network/virtualNetworks/db-vnet/subnets/sql-subnet",
            "name": "sql-subnet",
            "resource_group_name": "vnet-arch-rg",
            "service_endpoints": [],
            "timeouts": null,
            "virtual_network_name": "db-vnet"
          },
          "private": "eyJlMmJmYjczMC1lY2FhLTExZTYtOGY4OC0zNDM2M2JjN2M0YzAiOnsiY3JlYXRlIjoxODAwMDAwMDAwMDAwLCJkZWxldGUiOjE4MDAwMDAwMDAwMDAsInJlYWQiOjMwMDAwMDAwMDAwMCwidXBkYXRlIjoxODAwMDAwMDAwMDAwfX0="
        }
      ]
    },
    {
      "module": "module.web-vnet",
      "mode": "managed",
      "type": "azurerm_subnet",
      "name": "web_subnet",
      "provider": "provider.azurerm",
      "instances": [
        {
          "schema_version": 0,
          "attributes": {
            "address_prefix": "10.10.8.0/22",
            "delegation": [],
            "enforce_private_link_endpoint_network_policies": false,
            "enforce_private_link_service_network_policies": false,
            "id": "/subscriptions/71202aac-b2d7-4041-9a7d-fb0bdeff853b/resourceGroups/vnet-arch-rg/providers/Microsoft.Network/virtualNetworks/web-vnet/subnets/web-subnet",
            "name": "web-subnet",
            "resource_group_name": "vnet-arch-rg",
            "service_endpoints": [],
            "timeouts": null,
            "virtual_network_name": "web-vnet"
          },
          "private": "eyJlMmJmYjczMC1lY2FhLTExZTYtOGY4OC0zNDM2M2JjN2M0YzAiOnsiY3JlYXRlIjoxODAwMDAwMDAwMDAwLCJkZWxldGUiOjE4MDAwMDAwMDAwMDAsInJlYWQiOjMwMDAwMDAwMDAwMCwidXBkYXRlIjoxODAwMDAwMDAwMDAwfX0="
        }
      ]
    },
    {
      "module": "module.database-vnet",
      "mode": "managed",
      "type": "azurerm_virtual_network",
      "name": "database_vnet",
      "provider": "provider.azurerm",
      "instances": [
        {
          "schema_version": 0,
          "attributes": {
            "address_space": [
              "10.0.0.0/18"
            ],
            "ddos_protection_plan": [],
            "dns_servers": [],
            "id": "/subscriptions/71202aac-b2d7-4041-9a7d-fb0bdeff853b/resourceGroups/vnet-arch-rg/providers/Microsoft.Network/virtualNetworks/db-vnet",
            "location": "westus",
            "name": "db-vnet",
            "resource_group_name": "vnet-arch-rg",
            "subnet": [
              {
                "address_prefix": "10.0.0.0/20",
                "id": "/subscriptions/71202aac-b2d7-4041-9a7d-fb0bdeff853b/resourceGroups/vnet-arch-rg/providers/Microsoft.Network/virtualNetworks/db-vnet/subnets/lb-db-subnet",
                "name": "lb-db-subnet",
                "security_group": ""
              },
              {
                "address_prefix": "10.0.16.0/21",
                "id": "/subscriptions/71202aac-b2d7-4041-9a7d-fb0bdeff853b/resourceGroups/vnet-arch-rg/providers/Microsoft.Network/virtualNetworks/db-vnet/subnets/sql-subnet",
                "name": "sql-subnet",
                "security_group": ""
              }
            ],
            "tags": {},
            "timeouts": null
          },
          "private": "eyJlMmJmYjczMC1lY2FhLTExZTYtOGY4OC0zNDM2M2JjN2M0YzAiOnsiY3JlYXRlIjoxODAwMDAwMDAwMDAwLCJkZWxldGUiOjE4MDAwMDAwMDAwMDAsInJlYWQiOjMwMDAwMDAwMDAwMCwidXBkYXRlIjoxODAwMDAwMDAwMDAwfX0="
        }
      ]
    },
    {
      "module": "module.hub-vnet",
      "mode": "managed",
      "type": "azurerm_virtual_network",
      "name": "hub_vnet",
      "provider": "provider.azurerm",
      "instances": [
        {
          "schema_version": 0,
          "attributes": {
            "address_space": [
              "10.1.0.0/20"
            ],
            "ddos_protection_plan": [],
            "dns_servers": [],
            "id": "/subscriptions/71202aac-b2d7-4041-9a7d-fb0bdeff853b/resourceGroups/vnet-arch-rg/providers/Microsoft.Network/virtualNetworks/hub-vnet",
            "location": "westus",
            "name": "hub-vnet",
            "resource_group_name": "vnet-arch-rg",
            "subnet": [
              {
                "address_prefix": "10.1.0.0/21",
                "id": "/subscriptions/71202aac-b2d7-4041-9a7d-fb0bdeff853b/resourceGroups/vnet-arch-rg/providers/Microsoft.Network/virtualNetworks/hub-vnet/subnets/mgmt-subnet",
                "name": "mgmt-subnet",
                "security_group": ""
              },
              {
                "address_prefix": "10.1.12.0/23",
                "id": "/subscriptions/71202aac-b2d7-4041-9a7d-fb0bdeff853b/resourceGroups/vnet-arch-rg/providers/Microsoft.Network/virtualNetworks/hub-vnet/subnets/GatewaySubnet",
                "name": "GatewaySubnet",
                "security_group": ""
              },
              {
                "address_prefix": "10.1.14.0/26",
                "id": "/subscriptions/71202aac-b2d7-4041-9a7d-fb0bdeff853b/resourceGroups/vnet-arch-rg/providers/Microsoft.Network/virtualNetworks/hub-vnet/subnets/AzureFirewallSubnet",
                "name": "AzureFirewallSubnet",
                "security_group": ""
              }
            ],
            "tags": {},
            "timeouts": null
          },
          "private": "eyJlMmJmYjczMC1lY2FhLTExZTYtOGY4OC0zNDM2M2JjN2M0YzAiOnsiY3JlYXRlIjoxODAwMDAwMDAwMDAwLCJkZWxldGUiOjE4MDAwMDAwMDAwMDAsInJlYWQiOjMwMDAwMDAwMDAwMCwidXBkYXRlIjoxODAwMDAwMDAwMDAwfX0="
        }
      ]
    },
    {
      "module": "module.web-vnet",
      "mode": "managed",
      "type": "azurerm_virtual_network",
      "name": "web_vnet",
      "provider": "provider.azurerm",
      "instances": [
        {
          "schema_version": 0,
          "attributes": {
            "address_space": [
              "10.10.0.0/20"
            ],
            "ddos_protection_plan": [],
            "dns_servers": [],
            "id": "/subscriptions/71202aac-b2d7-4041-9a7d-fb0bdeff853b/resourceGroups/vnet-arch-rg/providers/Microsoft.Network/virtualNetworks/web-vnet",
            "location": "westus",
            "name": "web-vnet",
            "resource_group_name": "vnet-arch-rg",
            "subnet": [
              {
                "address_prefix": "10.10.0.0/21",
                "id": "/subscriptions/71202aac-b2d7-4041-9a7d-fb0bdeff853b/resourceGroups/vnet-arch-rg/providers/Microsoft.Network/virtualNetworks/web-vnet/subnets/lb_web_subnet",
                "name": "lb_web_subnet",
                "security_group": ""
              },
              {
                "address_prefix": "10.10.8.0/22",
                "id": "/subscriptions/71202aac-b2d7-4041-9a7d-fb0bdeff853b/resourceGroups/vnet-arch-rg/providers/Microsoft.Network/virtualNetworks/web-vnet/subnets/web-subnet",
                "name": "web-subnet",
                "security_group": ""
              }
            ],
            "tags": {},
            "timeouts": null
          },
          "private": "eyJlMmJmYjczMC1lY2FhLTExZTYtOGY4OC0zNDM2M2JjN2M0YzAiOnsiY3JlYXRlIjoxODAwMDAwMDAwMDAwLCJkZWxldGUiOjE4MDAwMDAwMDAwMDAsInJlYWQiOjMwMDAwMDAwMDAwMCwidXBkYXRlIjoxODAwMDAwMDAwMDAwfX0="
        }
      ]
    },
    {
      "module": "module.hubtoweb",
      "mode": "managed",
      "type": "azurerm_virtual_network_peering",
      "name": "vnet_peer_hub",
      "provider": "provider.azurerm",
      "instances": [
        {
          "schema_version": 0,
          "attributes": {
            "allow_forwarded_traffic": true,
            "allow_gateway_transit": true,
            "allow_virtual_network_access": true,
            "id": "/subscriptions/71202aac-b2d7-4041-9a7d-fb0bdeff853b/resourceGroups/vnet-arch-rg/providers/Microsoft.Network/virtualNetworks/hub-vnet/virtualNetworkPeerings/var.vnet_peering_name_hub",
            "name": "var.vnet_peering_name_hub",
            "remote_virtual_network_id": "/subscriptions/71202aac-b2d7-4041-9a7d-fb0bdeff853b/resourceGroups/vnet-arch-rg/providers/Microsoft.Network/virtualNetworks/web-vnet",
            "resource_group_name": "vnet-arch-rg",
            "timeouts": null,
            "use_remote_gateways": false,
            "virtual_network_name": "hub-vnet"
          },
          "private": "eyJlMmJmYjczMC1lY2FhLTExZTYtOGY4OC0zNDM2M2JjN2M0YzAiOnsiY3JlYXRlIjoxODAwMDAwMDAwMDAwLCJkZWxldGUiOjE4MDAwMDAwMDAwMDAsInJlYWQiOjMwMDAwMDAwMDAwMCwidXBkYXRlIjoxODAwMDAwMDAwMDAwfX0="
        }
      ]
    },
    {
      "module": "module.webtohub",
      "mode": "managed",
      "type": "azurerm_virtual_network_peering",
      "name": "vnet_peer_web",
      "provider": "provider.azurerm",
      "instances": [
        {
          "schema_version": 0,
          "attributes": {
            "allow_forwarded_traffic": true,
            "allow_gateway_transit": false,
            "allow_virtual_network_access": true,
            "id": "/subscriptions/71202aac-b2d7-4041-9a7d-fb0bdeff853b/resourceGroups/vnet-arch-rg/providers/Microsoft.Network/virtualNetworks/web-vnet/virtualNetworkPeerings/web-hub-peering",
            "name": "web-hub-peering",
            "remote_virtual_network_id": "/subscriptions/71202aac-b2d7-4041-9a7d-fb0bdeff853b/resourceGroups/vnet-arch-rg/providers/Microsoft.Network/virtualNetworks/hub-vnet",
            "resource_group_name": "vnet-arch-rg",
            "timeouts": null,
            "use_remote_gateways": true,
            "virtual_network_name": "web-vnet"
          },
          "private": "eyJlMmJmYjczMC1lY2FhLTExZTYtOGY4OC0zNDM2M2JjN2M0YzAiOnsiY3JlYXRlIjoxODAwMDAwMDAwMDAwLCJkZWxldGUiOjE4MDAwMDAwMDAwMDAsInJlYWQiOjMwMDAwMDAwMDAwMCwidXBkYXRlIjoxODAwMDAwMDAwMDAwfX0="
        }
      ]
    },
    {
      "module": "module.hubtoweb",
      "mode": "managed",
      "type": "azurerm_virtual_network_peering",
      "name": "vnet_peer_web",
      "provider": "provider.azurerm",
      "instances": [
        {
          "schema_version": 0,
          "attributes": {
            "allow_forwarded_traffic": true,
            "allow_gateway_transit": false,
            "allow_virtual_network_access": true,
            "id": "/subscriptions/71202aac-b2d7-4041-9a7d-fb0bdeff853b/resourceGroups/vnet-arch-rg/providers/Microsoft.Network/virtualNetworks/web-vnet/virtualNetworkPeerings/web-hub-peering",
            "name": "web-hub-peering",
            "remote_virtual_network_id": "/subscriptions/71202aac-b2d7-4041-9a7d-fb0bdeff853b/resourceGroups/vnet-arch-rg/providers/Microsoft.Network/virtualNetworks/hub-vnet",
            "resource_group_name": "vnet-arch-rg",
            "timeouts": null,
            "use_remote_gateways": true,
            "virtual_network_name": "web-vnet"
          },
          "private": "eyJlMmJmYjczMC1lY2FhLTExZTYtOGY4OC0zNDM2M2JjN2M0YzAiOnsiY3JlYXRlIjoxODAwMDAwMDAwMDAwLCJkZWxldGUiOjE4MDAwMDAwMDAwMDAsInJlYWQiOjMwMDAwMDAwMDAwMCwidXBkYXRlIjoxODAwMDAwMDAwMDAwfX0="
        }
      ]
    }
  ]
}
